
Microsoft Visual Studio Solution File, Format Version 12.00
Project("{FAE04EC0-301F-11D3-BF4B-00C04F79EFBC}") = "laba 3", "laba 3\laba 3.csproj", "{74F4C231-FD64-4854-884E-CD93A00B614D}"
EndProject
Project("{FAE04EC0-301F-11D3-BF4B-00C04F79EFBC}") = "laba 4", "laba 4\laba 4.csproj", "{5399E16D-328C-4B1A-A57E-431E37B7FDA4}"
EndProject
Project("{FAE04EC0-301F-11D3-BF4B-00C04F79EFBC}") = "laba 5", "laba 5\laba 5.csproj", "{4F32000F-0D83-4DFB-9943-E5923A14298D}"
EndProject
Project("{FAE04EC0-301F-11D3-BF4B-00C04F79EFBC}") = "laba 6", "laba 6\laba 6.csproj", "{FA72B74B-C8EA-45A2-A26D-536A7C14BC75}"
EndProject
Global
	GlobalSection(SolutionConfigurationPlatforms) = preSolution
		Debug|Any CPU = Debug|Any CPU
		Release|Any CPU = Release|Any CPU
	EndGlobalSection
	GlobalSection(ProjectConfigurationPlatforms) = postSolution
		{74F4C231-FD64-4854-884E-CD93A00B614D}.Debug|Any CPU.ActiveCfg = Debug|Any CPU
		{74F4C231-FD64-4854-884E-CD93A00B614D}.Debug|Any CPU.Build.0 = Debug|Any CPU
		{74F4C231-FD64-4854-884E-CD93A00B614D}.Release|Any CPU.ActiveCfg = Release|Any CPU
		{74F4C231-FD64-4854-884E-CD93A00B614D}.Release|Any CPU.Build.0 = Release|Any CPU
		{5399E16D-328C-4B1A-A57E-431E37B7FDA4}.Debug|Any CPU.ActiveCfg = Debug|Any CPU
		{5399E16D-328C-4B1A-A57E-431E37B7FDA4}.Debug|Any CPU.Build.0 = Debug|Any CPU
		{5399E16D-328C-4B1A-A57E-431E37B7FDA4}.Release|Any CPU.ActiveCfg = Release|Any CPU
		{5399E16D-328C-4B1A-A57E-431E37B7FDA4}.Release|Any CPU.Build.0 = Release|Any CPU
		{4F32000F-0D83-4DFB-9943-E5923A14298D}.Debug|Any CPU.ActiveCfg = Debug|Any CPU
		{4F32000F-0D83-4DFB-9943-E5923A14298D}.Debug|Any CPU.Build.0 = Debug|Any CPU
		{4F32000F-0D83-4DFB-9943-E5923A14298D}.Release|Any CPU.ActiveCfg = Release|Any CPU
		{4F32000F-0D83-4DFB-9943-E5923A14298D}.Release|Any CPU.Build.0 = Release|Any CPU
		{FA72B74B-C8EA-45A2-A26D-536A7C14BC75}.Debug|Any CPU.ActiveCfg = Debug|Any CPU
		{FA72B74B-C8EA-45A2-A26D-536A7C14BC75}.Debug|Any CPU.Build.0 = Debug|Any CPU
		{FA72B74B-C8EA-45A2-A26D-536A7C14BC75}.Release|Any CPU.ActiveCfg = Release|Any CPU
		{FA72B74B-C8EA-45A2-A26D-536A7C14BC75}.Release|Any CPU.Build.0 = Release|Any CPU
	EndGlobalSection
EndGlobal
